
Microsoft Visual Studio Solution File, Format Version 12.00
# Visual Studio 14
VisualStudioVersion = 14.0.25420.1
MinimumVisualStudioVersion = 10.0.40219.1
Project("{FAE04EC0-301F-11D3-BF4B-00C04F79EFBC}") = "rmsweb", "rmsweb\rmsweb.csproj", "{131088C9-D315-4D23-A0D7-B799FC1E299B}"
EndProject
Project("{FAE04EC0-301F-11D3-BF4B-00C04F79EFBC}") = "DataAccess.MySQL", "DataAccess.MySQL\DataAccess.MySQL.csproj", "{7CA9B4A2-178F-4E31-BE0D-CD832FDE8E64}"
EndProject
Project("{FAE04EC0-301F-11D3-BF4B-00C04F79EFBC}") = "DataAccessLayer", "DataAccessLayer\DataAccessLayer.csproj", "{6659B8C1-99CF-47B6-AC68-666B2DFE179A}"
EndProject
Project("{FAE04EC0-301F-11D3-BF4B-00C04F79EFBC}") = "BusinessLogic", "BusinessLogic\BusinessLogic.csproj", "{4EAA7BDF-C140-4373-8FAB-ADE50AB2AE96}"
EndProject
Project("{FAE04EC0-301F-11D3-BF4B-00C04F79EFBC}") = "BusinessLayer.Models", "BusinessLayer.Models\BusinessLayer.Models.csproj", "{CD6FF156-129D-472C-B41F-6E8B5DCCA6A8}"
EndProject
Project("{2150E333-8FDC-42A3-9474-1A3956D46DE8}") = "modules", "modules", "{19C847C5-4345-45C6-8B15-89977CE679DA}"
EndProject
Project("{FAE04EC0-301F-11D3-BF4B-00C04F79EFBC}") = "CMSI01", "rmsweb\Areas\CMSI01\CMSI01.csproj", "{FD6A1BD5-ADED-436F-8FB2-3AFED7DEB755}"
EndProject
Project("{FAE04EC0-301F-11D3-BF4B-00C04F79EFBC}") = "CMSI02", "rmsweb\Areas\CMSI02\CMSI02.csproj", "{F05D3AD8-CC35-4F45-9D89-2D8BB142EB8F}"
EndProject
Project("{FAE04EC0-301F-11D3-BF4B-00C04F79EFBC}") = "CMSI03", "rmsweb\Areas\CMSI03\CMSI03.csproj", "{CF2E85B3-D77F-4CD8-89CD-5C6DAB58CEAC}"
EndProject
Project("{FAE04EC0-301F-11D3-BF4B-00C04F79EFBC}") = "CMSI04", "rmsweb\Areas\CMSI04\CMSI04.csproj", "{1BE71538-2BE4-4E83-87EA-0DD855EC870B}"
EndProject
Project("{FAE04EC0-301F-11D3-BF4B-00C04F79EFBC}") = "CMSI05", "rmsweb\Areas\CMSI05\CMSI05.csproj", "{FD59108F-7380-4CF0-B2EC-E69A040F88B4}"
EndProject
Project("{FAE04EC0-301F-11D3-BF4B-00C04F79EFBC}") = "CMSI07", "rmsweb\Areas\CMSI07\CMSI07.csproj", "{CCFBE99B-FA5C-4DDF-8690-4BBBFCA994F7}"
EndProject
Project("{FAE04EC0-301F-11D3-BF4B-00C04F79EFBC}") = "CONI01", "rmsweb\Areas\CONI01\CONI01.csproj", "{415E7C0D-5B5E-4E3D-9FA2-121CCA77ABDD}"
EndProject
Project("{FAE04EC0-301F-11D3-BF4B-00C04F79EFBC}") = "SUPI04", "rmsweb\Areas\SUPI04\SUPI04.csproj", "{D629358F-781D-4965-B806-C28157CCB589}"
EndProject
Project("{FAE04EC0-301F-11D3-BF4B-00C04F79EFBC}") = "SUPI05", "rmsweb\Areas\SUPI05\SUPI05.csproj", "{E7A60446-88EF-4ED5-86F8-A0AC6244198B}"
EndProject
Project("{FAE04EC0-301F-11D3-BF4B-00C04F79EFBC}") = "MVCWebControls", "MVCWebControls\MVCWebControls.csproj", "{8748FE3B-DC51-48BD-A94E-027151CD65B4}"
EndProject
Project("{FAE04EC0-301F-11D3-BF4B-00C04F79EFBC}") = "CMSI08", "rmsweb\Areas\CMSI08\CMSI08.csproj", "{9CABB3C3-8FCC-410D-9C92-EC7E6890C1A6}"
EndProject
Project("{FAE04EC0-301F-11D3-BF4B-00C04F79EFBC}") = "SUPI03", "rmsweb\Areas\SUPI03\SUPI03.csproj", "{E0FD7CB3-0D34-45B3-941D-896F24C8CAC0}"
EndProject
Project("{FAE04EC0-301F-11D3-BF4B-00C04F79EFBC}") = "SUPI06", "rmsweb\Areas\SUPI06\SUPI06.csproj", "{FCE1E618-C3BA-4F5B-A264-167A7CD57CE4}"
EndProject
Project("{FAE04EC0-301F-11D3-BF4B-00C04F79EFBC}") = "SUPI07", "rmsweb\Areas\SUPI07\SUPI07.csproj", "{52BD97DA-0711-4887-B99C-92C189834090}"
EndProject
Project("{FAE04EC0-301F-11D3-BF4B-00C04F79EFBC}") = "SUPI08", "rmsweb\Areas\SUPI08\SUPI08.csproj", "{0BFD01D8-00D7-4E7B-83E5-5049EFCFE6AF}"
EndProject
Project("{FAE04EC0-301F-11D3-BF4B-00C04F79EFBC}") = "SUPI09", "rmsweb\Areas\SUPI09\SUPI09.csproj", "{3FAB3AF8-A398-4C27-B266-6E3FB1BC18A4}"
EndProject
Project("{FAE04EC0-301F-11D3-BF4B-00C04F79EFBC}") = "SUPB01", "rmsweb\Areas\SUPB01\SUPB01.csproj", "{89FD4CD4-50FE-40B0-B25D-37A7B4F2055B}"
EndProject
Project("{FAE04EC0-301F-11D3-BF4B-00C04F79EFBC}") = "SUPB02", "rmsweb\Areas\SUPB02\SUPB02.csproj", "{2167AF78-5A2F-49F0-9CA2-5BC09319D9B2}"
EndProject
Project("{FAE04EC0-301F-11D3-BF4B-00C04F79EFBC}") = "SUPB03", "rmsweb\Areas\SUPB03\SUPB03.csproj", "{3FF44F26-0350-45A4-A8E7-BD9ACD14D627}"
EndProject
Project("{FAE04EC0-301F-11D3-BF4B-00C04F79EFBC}") = "SERI02", "rmsweb\Areas\SERI02\SERI02.csproj", "{AAE6BF8C-F6CA-487D-AA67-D2502C042CA0}"
EndProject
Project("{FAE04EC0-301F-11D3-BF4B-00C04F79EFBC}") = "PMAI01", "rmsweb\Areas\PMAI01\PMAI01.csproj", "{52498718-076E-4421-86F8-41A70E5B4B5D}"
EndProject
Project("{FAE04EC0-301F-11D3-BF4B-00C04F79EFBC}") = "CONI02", "rmsweb\Areas\CONI02\CONI02.csproj", "{5A27AABF-D778-4914-AFDA-610D626478C9}"
EndProject
Project("{FAE04EC0-301F-11D3-BF4B-00C04F79EFBC}") = "CONI03", "rmsweb\Areas\CONI03\CONI03.csproj", "{BD37F2E1-144C-411A-82CE-61CD81BCD932}"
EndProject
Project("{FAE04EC0-301F-11D3-BF4B-00C04F79EFBC}") = "PSMI01", "rmsweb\Areas\PSMI01\PSMI01.csproj", "{EFC286B7-D2C3-4ED9-9A95-1CE565BD7442}"
EndProject
Project("{FAE04EC0-301F-11D3-BF4B-00C04F79EFBC}") = "PSMI02", "rmsweb\Areas\PSMI02\PSMI02.csproj", "{567007AD-131C-47B6-8FF3-B7593EF026F9}"
EndProject
Project("{FAE04EC0-301F-11D3-BF4B-00C04F79EFBC}") = "PSMI03", "rmsweb\Areas\PSMI03\PSMI03.csproj", "{2DCF3354-7BB1-476E-AD1B-963C18F17F5D}"
EndProject
Project("{FAE04EC0-301F-11D3-BF4B-00C04F79EFBC}") = "PMAI02", "rmsweb\Areas\PMAI02\PMAI02.csproj", "{F7F3DD9B-F26F-40CA-880D-118001033304}"
EndProject
Project("{FAE04EC0-301F-11D3-BF4B-00C04F79EFBC}") = "PMAI03", "rmsweb\Areas\PMAI03\PMAI03.csproj", "{F7B24978-4C9B-46F3-B85C-EA4A4EF932AA}"
EndProject
Project("{FAE04EC0-301F-11D3-BF4B-00C04F79EFBC}") = "PMAB01", "rmsweb\Areas\PMAB01\PMAB01.csproj", "{44063B96-72B8-4DA1-906A-1C510D08FE0C}"
EndProject
Project("{FAE04EC0-301F-11D3-BF4B-00C04F79EFBC}") = "PMAB02", "rmsweb\Areas\PMAB02\PMAB02.csproj", "{16A344C5-F28A-4F4E-898B-5A8DD9E07240}"
EndProject
Project("{FAE04EC0-301F-11D3-BF4B-00C04F79EFBC}") = "BOMI01", "rmsweb\Areas\BOMI01\BOMI01.csproj", "{57D7C905-EF13-40B3-A0D5-1BA59EA78AF7}"
EndProject
Project("{FAE04EC0-301F-11D3-BF4B-00C04F79EFBC}") = "BOMI02", "rmsweb\Areas\BOMI02\BOMI02.csproj", "{7F193BAF-BE28-4EDB-B5CB-7F3DC1C3174C}"
EndProject
Project("{FAE04EC0-301F-11D3-BF4B-00C04F79EFBC}") = "SERI03", "rmsweb\Areas\SERI03\SERI03.csproj", "{F0F24E3E-308B-4FCF-9BEE-4305A1494082}"
EndProject
Project("{FAE04EC0-301F-11D3-BF4B-00C04F79EFBC}") = "SERI05", "rmsweb\Areas\SERI05\SERI05.csproj", "{E7D04213-A52A-4294-A436-51358F29E27D}"
EndProject
Project("{FAE04EC0-301F-11D3-BF4B-00C04F79EFBC}") = "SERI06", "rmsweb\Areas\SERI06\SERI06.csproj", "{7CF469C2-06CF-48D7-B762-BF7DA74ED192}"
EndProject
Project("{FAE04EC0-301F-11D3-BF4B-00C04F79EFBC}") = "SERI07", "rmsweb\Areas\SERI07\SERI07.csproj", "{DD4D8B93-E7BD-4BF4-AB4B-66AE648977D7}"
EndProject
Project("{FAE04EC0-301F-11D3-BF4B-00C04F79EFBC}") = "SERI10", "rmsweb\Areas\SERI10\SERI10.csproj", "{8A3D7293-3EF1-4EC6-B71A-0F16C86A2DA9}"
EndProject
Project("{FAE04EC0-301F-11D3-BF4B-00C04F79EFBC}") = "SERI11", "rmsweb\Areas\SERI11\SERI11.csproj", "{3724CE0B-646D-4F79-9DCB-FEC3AB413A40}"
EndProject
Project("{FAE04EC0-301F-11D3-BF4B-00C04F79EFBC}") = "SERI12", "rmsweb\Areas\SERI12\SERI12.csproj", "{6AE5ABAE-17B3-4DB9-9A0E-B148B95E115A}"
EndProject
Project("{FAE04EC0-301F-11D3-BF4B-00C04F79EFBC}") = "SERB03", "rmsweb\Areas\SERB03\SERB03.csproj", "{E842CAD5-D437-4EFB-B903-6F735DDD7E14}"
EndProject
Project("{FAE04EC0-301F-11D3-BF4B-00C04F79EFBC}") = "SERR01", "rmsweb\Areas\SERR01\SERR01.csproj", "{C8E307F0-AC42-4822-A8EA-BA9A01A1F712}"
EndProject
Project("{FAE04EC0-301F-11D3-BF4B-00C04F79EFBC}") = "SERQ01", "rmsweb\Areas\SERQ01\SERQ01.csproj", "{2B81AC0D-0EE4-4E5A-BA42-261EFB04DE8D}"
EndProject
Project("{FAE04EC0-301F-11D3-BF4B-00C04F79EFBC}") = "RMAI03", "rmsweb\Areas\RMAI03\RMAI03.csproj", "{F159F116-1FF4-41F4-802B-886DE1A7F809}"
EndProject
Project("{FAE04EC0-301F-11D3-BF4B-00C04F79EFBC}") = "RMAI04", "rmsweb\Areas\RMAI04\RMAI04.csproj", "{09D27295-7476-46A5-9C62-84BB08F819A7}"
EndProject
Project("{FAE04EC0-301F-11D3-BF4B-00C04F79EFBC}") = "RMAI05", "rmsweb\Areas\RMAI05\RMAI05.csproj", "{895BBDBC-F650-40B7-8129-E76E2EA0EBDB}"
EndProject
Project("{FAE04EC0-301F-11D3-BF4B-00C04F79EFBC}") = "RMAI06", "rmsweb\Areas\RMAI06\RMAI06.csproj", "{87928F2E-D1DA-44A5-BB3F-86A33863EFCD}"
EndProject
Project("{FAE04EC0-301F-11D3-BF4B-00C04F79EFBC}") = "RMAI07", "rmsweb\Areas\RMAI07\RMAI07.csproj", "{9437DB78-6BF1-4DB1-B6F1-D43313C24BA7}"
EndProject
Project("{FAE04EC0-301F-11D3-BF4B-00C04F79EFBC}") = "RMAI01", "rmsweb\Areas\RMAI01\RMAI01.csproj", "{C25DDDC7-2423-4688-B5D1-46020639669C}"
EndProject
Project("{FAE04EC0-301F-11D3-BF4B-00C04F79EFBC}") = "RMAB01", "rmsweb\Areas\RMAB01\RMAB01.csproj", "{78C99F51-DF12-4B62-B027-1DC32DB5A214}"
EndProject
Project("{FAE04EC0-301F-11D3-BF4B-00C04F79EFBC}") = "RMAB02", "rmsweb\Areas\RMAB02\RMAB02.csproj", "{6B99E45C-597A-45E6-9717-4EB0BD1B54B3}"
EndProject
Project("{FAE04EC0-301F-11D3-BF4B-00C04F79EFBC}") = "RMAB03", "rmsweb\Areas\RMAB03\RMAB03.csproj", "{D8F3E29F-05EC-4219-9487-3E14A6D20FF2}"
EndProject
Project("{FAE04EC0-301F-11D3-BF4B-00C04F79EFBC}") = "RMAB04", "rmsweb\Areas\RMAB04\RMAB04.csproj", "{06822562-41D8-475D-9A07-0B6FC383CFD2}"
EndProject
Project("{FAE04EC0-301F-11D3-BF4B-00C04F79EFBC}") = "RMAB05", "rmsweb\Areas\RMAB05\RMAB05.csproj", "{893465B9-D552-4918-9FA8-DACFD70F8609}"
EndProject
Project("{FAE04EC0-301F-11D3-BF4B-00C04F79EFBC}") = "RMAQ01", "rmsweb\Areas\RMAQ01\RMAQ01.csproj", "{9F6BD402-6310-4126-9930-489DA5AC16E4}"
EndProject
Project("{FAE04EC0-301F-11D3-BF4B-00C04F79EFBC}") = "SERI08", "rmsweb\Areas\SERI08\SERI08.csproj", "{8B0D707D-FEFB-4175-9110-AA03EB1758BE}"
EndProject
Project("{FAE04EC0-301F-11D3-BF4B-00C04F79EFBC}") = "SERI09", "rmsweb\Areas\SERI09\SERI09.csproj", "{5B974E5F-2553-4758-B6A0-9FD0A2582D53}"
EndProject
Project("{FAE04EC0-301F-11D3-BF4B-00C04F79EFBC}") = "SERB01", "rmsweb\Areas\SERB01\SERB01.csproj", "{0E5A85F9-C123-40E9-90D0-C2ED14BD9E5F}"
EndProject
Project("{FAE04EC0-301F-11D3-BF4B-00C04F79EFBC}") = "SERB02", "rmsweb\Areas\SERB02\SERB02.csproj", "{B94CFA01-8C75-4D41-A3C3-369C7D7DB256}"
EndProject
Project("{FAE04EC0-301F-11D3-BF4B-00C04F79EFBC}") = "PMAI05", "rmsweb\Areas\PMAI05\PMAI05.csproj", "{CEB34440-A3D3-4522-88F4-09EB1848FD08}"
EndProject
Project("{FAE04EC0-301F-11D3-BF4B-00C04F79EFBC}") = "PMAI06", "rmsweb\Areas\PMAI06\PMAI06.csproj", "{6D1E77F0-B0D4-4A1B-863C-EA05FDF1E2A1}"
EndProject
Project("{FAE04EC0-301F-11D3-BF4B-00C04F79EFBC}") = "PMAB04", "rmsweb\Areas\PMAB04\PMAB04.csproj", "{8729E4FC-1CE6-431C-A62C-F5609E598D21}"
EndProject
Project("{FAE04EC0-301F-11D3-BF4B-00C04F79EFBC}") = "SERI13", "rmsweb\Areas\SERI13\SERI13.csproj", "{2B0CCD93-CD96-4EA3-9D19-BA05AA0D8D09}"
EndProject
Project("{FAE04EC0-301F-11D3-BF4B-00C04F79EFBC}") = "CMSI11", "rmsweb\Areas\CMSI11\CMSI11.csproj", "{2618E382-41C2-48A8-AB9B-C58B72D5B60F}"
EndProject
Project("{FAE04EC0-301F-11D3-BF4B-00C04F79EFBC}") = "ADMI03", "rmsweb\Areas\ADMI03\ADMI03.csproj", "{16E09567-54A2-435C-83CD-46F0C98D4667}"
EndProject
Project("{FAE04EC0-301F-11D3-BF4B-00C04F79EFBC}") = "ADMI06", "rmsweb\Areas\ADMI06\ADMI06.csproj", "{6F7CCC1C-0007-40BE-90A2-76029D9E6D1E}"
EndProject
Project("{FAE04EC0-301F-11D3-BF4B-00C04F79EFBC}") = "CMSI09", "rmsweb\Areas\CMSI09\CMSI09.csproj", "{04E48D99-998D-4E57-B568-898406CAB20E}"
EndProject
Project("{FAE04EC0-301F-11D3-BF4B-00C04F79EFBC}") = "CMSI10", "rmsweb\Areas\CMSI10\CMSI10.csproj", "{032496D6-5BEC-48E4-AA9E-F1D6551749F0}"
EndProject
Project("{FAE04EC0-301F-11D3-BF4B-00C04F79EFBC}") = "ADMI04", "rmsweb\Areas\ADMI04\ADMI04.csproj", "{74D6ACCE-60FC-40FE-9C69-3481B05DCC4B}"
EndProject
Project("{FAE04EC0-301F-11D3-BF4B-00C04F79EFBC}") = "ADMI05", "rmsweb\Areas\ADMI05\ADMI05.csproj", "{A44483F7-A648-4090-A47E-520DA5B27767}"
EndProject
Project("{FAE04EC0-301F-11D3-BF4B-00C04F79EFBC}") = "ADMI20", "rmsweb\Areas\ADMI20\ADMI20.csproj", "{6FB83FD8-10F4-4407-8DFA-FDB960F9CF84}"
EndProject
Project("{FAE04EC0-301F-11D3-BF4B-00C04F79EFBC}") = "RMS.Security.Authentication", "RMS.Security.Authentication\RMS.Security.Authentication.csproj", "{15D31CA0-BAEE-45A8-A0EA-B6F0962344DA}"
EndProject
Project("{FAE04EC0-301F-11D3-BF4B-00C04F79EFBC}") = "REPQ01", "rmsweb\Areas\REPQ01\REPQ01.csproj", "{E52E135B-0214-47CB-AD0D-62716391C602}"
EndProject
Project("{FAE04EC0-301F-11D3-BF4B-00C04F79EFBC}") = "REPQ02", "rmsweb\Areas\REPQ02\REPQ02.csproj", "{880F2310-B674-428D-9A50-A6AC90EA62AC}"
EndProject
Project("{FAE04EC0-301F-11D3-BF4B-00C04F79EFBC}") = "REPQ03", "rmsweb\Areas\REPQ03\REPQ03.csproj", "{6BBB7E8B-5441-4BBE-8ECB-3BE23D28EBFE}"
EndProject
Project("{FAE04EC0-301F-11D3-BF4B-00C04F79EFBC}") = "REPQ04", "rmsweb\Areas\REPQ04\REPQ04.csproj", "{3860A9B0-A439-4791-807F-7531756B16B6}"
EndProject
Project("{FAE04EC0-301F-11D3-BF4B-00C04F79EFBC}") = "REPQ06", "rmsweb\Areas\REPQ06\REPQ06.csproj", "{284C7790-ABBC-4518-8201-01D6F1D0D22B}"
EndProject
Project("{FAE04EC0-301F-11D3-BF4B-00C04F79EFBC}") = "REPQ05", "rmsweb\Areas\REPQ05\REPQ05.csproj", "{BCD1495B-3697-4148-97B2-9C7B4154DFED}"
EndProject
Project("{FAE04EC0-301F-11D3-BF4B-00C04F79EFBC}") = "CMSI06", "rmsweb\Areas\CMSI06\CMSI06.csproj", "{02E22B12-5D23-4373-BD7F-C5BE2B073EE7}"
EndProject
Project("{FAE04EC0-301F-11D3-BF4B-00C04F79EFBC}") = "ADMI01", "rmsweb\Areas\ADMI01\ADMI01.csproj", "{06A98DFE-ECC6-4E6C-9815-03794D9BAE09}"
EndProject
Project("{FAE04EC0-301F-11D3-BF4B-00C04F79EFBC}") = "ADMI02", "rmsweb\Areas\ADMI02\ADMI02.csproj", "{FB62EB82-8F58-4FD7-8002-B9B44C5D9693}"
EndProject
Project("{FAE04EC0-301F-11D3-BF4B-00C04F79EFBC}") = "PMAB03", "rmsweb\Areas\PMAB03\PMAB03.csproj", "{6A9CB922-8DD2-44A9-A40B-AD5AABDD7A67}"
EndProject
Project("{FAE04EC0-301F-11D3-BF4B-00C04F79EFBC}") = "PMAI04", "rmsweb\Areas\PMAI04\PMAI04.csproj", "{D322F0C9-32F0-4BD9-9C62-AA07614DFCB7}"
EndProject
Project("{FAE04EC0-301F-11D3-BF4B-00C04F79EFBC}") = "RMS.Core", "RMS.Core\RMS.Core.csproj", "{55757605-8C19-485C-96CD-5892EBF3C30B}"
EndProject
Global
	GlobalSection(SolutionConfigurationPlatforms) = preSolution
		Debug|Any CPU = Debug|Any CPU
		Release|Any CPU = Release|Any CPU
	EndGlobalSection
	GlobalSection(ProjectConfigurationPlatforms) = postSolution
		{131088C9-D315-4D23-A0D7-B799FC1E299B}.Debug|Any CPU.ActiveCfg = Debug|Any CPU
		{131088C9-D315-4D23-A0D7-B799FC1E299B}.Debug|Any CPU.Build.0 = Debug|Any CPU
		{131088C9-D315-4D23-A0D7-B799FC1E299B}.Release|Any CPU.ActiveCfg = Release|Any CPU
		{131088C9-D315-4D23-A0D7-B799FC1E299B}.Release|Any CPU.Build.0 = Release|Any CPU
		{7CA9B4A2-178F-4E31-BE0D-CD832FDE8E64}.Debug|Any CPU.ActiveCfg = Debug|Any CPU
		{7CA9B4A2-178F-4E31-BE0D-CD832FDE8E64}.Debug|Any CPU.Build.0 = Debug|Any CPU
		{7CA9B4A2-178F-4E31-BE0D-CD832FDE8E64}.Release|Any CPU.ActiveCfg = Release|Any CPU
		{7CA9B4A2-178F-4E31-BE0D-CD832FDE8E64}.Release|Any CPU.Build.0 = Release|Any CPU
		{6659B8C1-99CF-47B6-AC68-666B2DFE179A}.Debug|Any CPU.ActiveCfg = Debug|Any CPU
		{6659B8C1-99CF-47B6-AC68-666B2DFE179A}.Debug|Any CPU.Build.0 = Debug|Any CPU
		{6659B8C1-99CF-47B6-AC68-666B2DFE179A}.Release|Any CPU.ActiveCfg = Release|Any CPU
		{6659B8C1-99CF-47B6-AC68-666B2DFE179A}.Release|Any CPU.Build.0 = Release|Any CPU
		{4EAA7BDF-C140-4373-8FAB-ADE50AB2AE96}.Debug|Any CPU.ActiveCfg = Debug|Any CPU
		{4EAA7BDF-C140-4373-8FAB-ADE50AB2AE96}.Debug|Any CPU.Build.0 = Debug|Any CPU
		{4EAA7BDF-C140-4373-8FAB-ADE50AB2AE96}.Release|Any CPU.ActiveCfg = Release|Any CPU
		{4EAA7BDF-C140-4373-8FAB-ADE50AB2AE96}.Release|Any CPU.Build.0 = Release|Any CPU
		{CD6FF156-129D-472C-B41F-6E8B5DCCA6A8}.Debug|Any CPU.ActiveCfg = Debug|Any CPU
		{CD6FF156-129D-472C-B41F-6E8B5DCCA6A8}.Debug|Any CPU.Build.0 = Debug|Any CPU
		{CD6FF156-129D-472C-B41F-6E8B5DCCA6A8}.Release|Any CPU.ActiveCfg = Release|Any CPU
		{CD6FF156-129D-472C-B41F-6E8B5DCCA6A8}.Release|Any CPU.Build.0 = Release|Any CPU
		{FD6A1BD5-ADED-436F-8FB2-3AFED7DEB755}.Debug|Any CPU.ActiveCfg = Debug|Any CPU
		{FD6A1BD5-ADED-436F-8FB2-3AFED7DEB755}.Debug|Any CPU.Build.0 = Debug|Any CPU
		{FD6A1BD5-ADED-436F-8FB2-3AFED7DEB755}.Release|Any CPU.ActiveCfg = Release|Any CPU
		{FD6A1BD5-ADED-436F-8FB2-3AFED7DEB755}.Release|Any CPU.Build.0 = Release|Any CPU
		{F05D3AD8-CC35-4F45-9D89-2D8BB142EB8F}.Debug|Any CPU.ActiveCfg = Debug|Any CPU
		{F05D3AD8-CC35-4F45-9D89-2D8BB142EB8F}.Debug|Any CPU.Build.0 = Debug|Any CPU
		{F05D3AD8-CC35-4F45-9D89-2D8BB142EB8F}.Release|Any CPU.ActiveCfg = Release|Any CPU
		{F05D3AD8-CC35-4F45-9D89-2D8BB142EB8F}.Release|Any CPU.Build.0 = Release|Any CPU
		{CF2E85B3-D77F-4CD8-89CD-5C6DAB58CEAC}.Debug|Any CPU.ActiveCfg = Debug|Any CPU
		{CF2E85B3-D77F-4CD8-89CD-5C6DAB58CEAC}.Debug|Any CPU.Build.0 = Debug|Any CPU
		{CF2E85B3-D77F-4CD8-89CD-5C6DAB58CEAC}.Release|Any CPU.ActiveCfg = Release|Any CPU
		{CF2E85B3-D77F-4CD8-89CD-5C6DAB58CEAC}.Release|Any CPU.Build.0 = Release|Any CPU
		{1BE71538-2BE4-4E83-87EA-0DD855EC870B}.Debug|Any CPU.ActiveCfg = Debug|Any CPU
		{1BE71538-2BE4-4E83-87EA-0DD855EC870B}.Debug|Any CPU.Build.0 = Debug|Any CPU
		{1BE71538-2BE4-4E83-87EA-0DD855EC870B}.Release|Any CPU.ActiveCfg = Release|Any CPU
		{1BE71538-2BE4-4E83-87EA-0DD855EC870B}.Release|Any CPU.Build.0 = Release|Any CPU
		{FD59108F-7380-4CF0-B2EC-E69A040F88B4}.Debug|Any CPU.ActiveCfg = Debug|Any CPU
		{FD59108F-7380-4CF0-B2EC-E69A040F88B4}.Debug|Any CPU.Build.0 = Debug|Any CPU
		{FD59108F-7380-4CF0-B2EC-E69A040F88B4}.Release|Any CPU.ActiveCfg = Release|Any CPU
		{FD59108F-7380-4CF0-B2EC-E69A040F88B4}.Release|Any CPU.Build.0 = Release|Any CPU
		{CCFBE99B-FA5C-4DDF-8690-4BBBFCA994F7}.Debug|Any CPU.ActiveCfg = Debug|Any CPU
		{CCFBE99B-FA5C-4DDF-8690-4BBBFCA994F7}.Debug|Any CPU.Build.0 = Debug|Any CPU
		{CCFBE99B-FA5C-4DDF-8690-4BBBFCA994F7}.Release|Any CPU.ActiveCfg = Release|Any CPU
		{CCFBE99B-FA5C-4DDF-8690-4BBBFCA994F7}.Release|Any CPU.Build.0 = Release|Any CPU
		{415E7C0D-5B5E-4E3D-9FA2-121CCA77ABDD}.Debug|Any CPU.ActiveCfg = Debug|Any CPU
		{415E7C0D-5B5E-4E3D-9FA2-121CCA77ABDD}.Debug|Any CPU.Build.0 = Debug|Any CPU
		{415E7C0D-5B5E-4E3D-9FA2-121CCA77ABDD}.Release|Any CPU.ActiveCfg = Release|Any CPU
		{415E7C0D-5B5E-4E3D-9FA2-121CCA77ABDD}.Release|Any CPU.Build.0 = Release|Any CPU
		{D629358F-781D-4965-B806-C28157CCB589}.Debug|Any CPU.ActiveCfg = Debug|Any CPU
		{D629358F-781D-4965-B806-C28157CCB589}.Debug|Any CPU.Build.0 = Debug|Any CPU
		{D629358F-781D-4965-B806-C28157CCB589}.Release|Any CPU.ActiveCfg = Release|Any CPU
		{D629358F-781D-4965-B806-C28157CCB589}.Release|Any CPU.Build.0 = Release|Any CPU
		{E7A60446-88EF-4ED5-86F8-A0AC6244198B}.Debug|Any CPU.ActiveCfg = Debug|Any CPU
		{E7A60446-88EF-4ED5-86F8-A0AC6244198B}.Debug|Any CPU.Build.0 = Debug|Any CPU
		{E7A60446-88EF-4ED5-86F8-A0AC6244198B}.Release|Any CPU.ActiveCfg = Release|Any CPU
		{E7A60446-88EF-4ED5-86F8-A0AC6244198B}.Release|Any CPU.Build.0 = Release|Any CPU
		{8748FE3B-DC51-48BD-A94E-027151CD65B4}.Debug|Any CPU.ActiveCfg = Debug|Any CPU
		{8748FE3B-DC51-48BD-A94E-027151CD65B4}.Debug|Any CPU.Build.0 = Debug|Any CPU
		{8748FE3B-DC51-48BD-A94E-027151CD65B4}.Release|Any CPU.ActiveCfg = Release|Any CPU
		{8748FE3B-DC51-48BD-A94E-027151CD65B4}.Release|Any CPU.Build.0 = Release|Any CPU
		{9CABB3C3-8FCC-410D-9C92-EC7E6890C1A6}.Debug|Any CPU.ActiveCfg = Debug|Any CPU
		{9CABB3C3-8FCC-410D-9C92-EC7E6890C1A6}.Debug|Any CPU.Build.0 = Debug|Any CPU
		{9CABB3C3-8FCC-410D-9C92-EC7E6890C1A6}.Release|Any CPU.ActiveCfg = Release|Any CPU
		{9CABB3C3-8FCC-410D-9C92-EC7E6890C1A6}.Release|Any CPU.Build.0 = Release|Any CPU
		{E0FD7CB3-0D34-45B3-941D-896F24C8CAC0}.Debug|Any CPU.ActiveCfg = Debug|Any CPU
		{E0FD7CB3-0D34-45B3-941D-896F24C8CAC0}.Debug|Any CPU.Build.0 = Debug|Any CPU
		{E0FD7CB3-0D34-45B3-941D-896F24C8CAC0}.Release|Any CPU.ActiveCfg = Release|Any CPU
		{E0FD7CB3-0D34-45B3-941D-896F24C8CAC0}.Release|Any CPU.Build.0 = Release|Any CPU
		{FCE1E618-C3BA-4F5B-A264-167A7CD57CE4}.Debug|Any CPU.ActiveCfg = Debug|Any CPU
		{FCE1E618-C3BA-4F5B-A264-167A7CD57CE4}.Debug|Any CPU.Build.0 = Debug|Any CPU
		{FCE1E618-C3BA-4F5B-A264-167A7CD57CE4}.Release|Any CPU.ActiveCfg = Release|Any CPU
		{FCE1E618-C3BA-4F5B-A264-167A7CD57CE4}.Release|Any CPU.Build.0 = Release|Any CPU
		{52BD97DA-0711-4887-B99C-92C189834090}.Debug|Any CPU.ActiveCfg = Debug|Any CPU
		{52BD97DA-0711-4887-B99C-92C189834090}.Debug|Any CPU.Build.0 = Debug|Any CPU
		{52BD97DA-0711-4887-B99C-92C189834090}.Release|Any CPU.ActiveCfg = Release|Any CPU
		{52BD97DA-0711-4887-B99C-92C189834090}.Release|Any CPU.Build.0 = Release|Any CPU
		{0BFD01D8-00D7-4E7B-83E5-5049EFCFE6AF}.Debug|Any CPU.ActiveCfg = Debug|Any CPU
		{0BFD01D8-00D7-4E7B-83E5-5049EFCFE6AF}.Debug|Any CPU.Build.0 = Debug|Any CPU
		{0BFD01D8-00D7-4E7B-83E5-5049EFCFE6AF}.Release|Any CPU.ActiveCfg = Release|Any CPU
		{0BFD01D8-00D7-4E7B-83E5-5049EFCFE6AF}.Release|Any CPU.Build.0 = Release|Any CPU
		{3FAB3AF8-A398-4C27-B266-6E3FB1BC18A4}.Debug|Any CPU.ActiveCfg = Debug|Any CPU
		{3FAB3AF8-A398-4C27-B266-6E3FB1BC18A4}.Debug|Any CPU.Build.0 = Debug|Any CPU
		{3FAB3AF8-A398-4C27-B266-6E3FB1BC18A4}.Release|Any CPU.ActiveCfg = Release|Any CPU
		{3FAB3AF8-A398-4C27-B266-6E3FB1BC18A4}.Release|Any CPU.Build.0 = Release|Any CPU
		{89FD4CD4-50FE-40B0-B25D-37A7B4F2055B}.Debug|Any CPU.ActiveCfg = Debug|Any CPU
		{89FD4CD4-50FE-40B0-B25D-37A7B4F2055B}.Debug|Any CPU.Build.0 = Debug|Any CPU
		{89FD4CD4-50FE-40B0-B25D-37A7B4F2055B}.Release|Any CPU.ActiveCfg = Release|Any CPU
		{89FD4CD4-50FE-40B0-B25D-37A7B4F2055B}.Release|Any CPU.Build.0 = Release|Any CPU
		{2167AF78-5A2F-49F0-9CA2-5BC09319D9B2}.Debug|Any CPU.ActiveCfg = Debug|Any CPU
		{2167AF78-5A2F-49F0-9CA2-5BC09319D9B2}.Debug|Any CPU.Build.0 = Debug|Any CPU
		{2167AF78-5A2F-49F0-9CA2-5BC09319D9B2}.Release|Any CPU.ActiveCfg = Release|Any CPU
		{2167AF78-5A2F-49F0-9CA2-5BC09319D9B2}.Release|Any CPU.Build.0 = Release|Any CPU
		{3FF44F26-0350-45A4-A8E7-BD9ACD14D627}.Debug|Any CPU.ActiveCfg = Debug|Any CPU
		{3FF44F26-0350-45A4-A8E7-BD9ACD14D627}.Debug|Any CPU.Build.0 = Debug|Any CPU
		{3FF44F26-0350-45A4-A8E7-BD9ACD14D627}.Release|Any CPU.ActiveCfg = Release|Any CPU
		{3FF44F26-0350-45A4-A8E7-BD9ACD14D627}.Release|Any CPU.Build.0 = Release|Any CPU
		{AAE6BF8C-F6CA-487D-AA67-D2502C042CA0}.Debug|Any CPU.ActiveCfg = Debug|Any CPU
		{AAE6BF8C-F6CA-487D-AA67-D2502C042CA0}.Debug|Any CPU.Build.0 = Debug|Any CPU
		{AAE6BF8C-F6CA-487D-AA67-D2502C042CA0}.Release|Any CPU.ActiveCfg = Release|Any CPU
		{AAE6BF8C-F6CA-487D-AA67-D2502C042CA0}.Release|Any CPU.Build.0 = Release|Any CPU
		{52498718-076E-4421-86F8-41A70E5B4B5D}.Debug|Any CPU.ActiveCfg = Debug|Any CPU
		{52498718-076E-4421-86F8-41A70E5B4B5D}.Debug|Any CPU.Build.0 = Debug|Any CPU
		{52498718-076E-4421-86F8-41A70E5B4B5D}.Release|Any CPU.ActiveCfg = Release|Any CPU
		{52498718-076E-4421-86F8-41A70E5B4B5D}.Release|Any CPU.Build.0 = Release|Any CPU
		{5A27AABF-D778-4914-AFDA-610D626478C9}.Debug|Any CPU.ActiveCfg = Debug|Any CPU
		{5A27AABF-D778-4914-AFDA-610D626478C9}.Debug|Any CPU.Build.0 = Debug|Any CPU
		{5A27AABF-D778-4914-AFDA-610D626478C9}.Release|Any CPU.ActiveCfg = Release|Any CPU
		{5A27AABF-D778-4914-AFDA-610D626478C9}.Release|Any CPU.Build.0 = Release|Any CPU
		{BD37F2E1-144C-411A-82CE-61CD81BCD932}.Debug|Any CPU.ActiveCfg = Debug|Any CPU
		{BD37F2E1-144C-411A-82CE-61CD81BCD932}.Debug|Any CPU.Build.0 = Debug|Any CPU
		{BD37F2E1-144C-411A-82CE-61CD81BCD932}.Release|Any CPU.ActiveCfg = Release|Any CPU
		{BD37F2E1-144C-411A-82CE-61CD81BCD932}.Release|Any CPU.Build.0 = Release|Any CPU
		{EFC286B7-D2C3-4ED9-9A95-1CE565BD7442}.Debug|Any CPU.ActiveCfg = Debug|Any CPU
		{EFC286B7-D2C3-4ED9-9A95-1CE565BD7442}.Debug|Any CPU.Build.0 = Debug|Any CPU
		{EFC286B7-D2C3-4ED9-9A95-1CE565BD7442}.Release|Any CPU.ActiveCfg = Release|Any CPU
		{EFC286B7-D2C3-4ED9-9A95-1CE565BD7442}.Release|Any CPU.Build.0 = Release|Any CPU
		{567007AD-131C-47B6-8FF3-B7593EF026F9}.Debug|Any CPU.ActiveCfg = Debug|Any CPU
		{567007AD-131C-47B6-8FF3-B7593EF026F9}.Debug|Any CPU.Build.0 = Debug|Any CPU
		{567007AD-131C-47B6-8FF3-B7593EF026F9}.Release|Any CPU.ActiveCfg = Release|Any CPU
		{567007AD-131C-47B6-8FF3-B7593EF026F9}.Release|Any CPU.Build.0 = Release|Any CPU
		{2DCF3354-7BB1-476E-AD1B-963C18F17F5D}.Debug|Any CPU.ActiveCfg = Debug|Any CPU
		{2DCF3354-7BB1-476E-AD1B-963C18F17F5D}.Debug|Any CPU.Build.0 = Debug|Any CPU
		{2DCF3354-7BB1-476E-AD1B-963C18F17F5D}.Release|Any CPU.ActiveCfg = Release|Any CPU
		{2DCF3354-7BB1-476E-AD1B-963C18F17F5D}.Release|Any CPU.Build.0 = Release|Any CPU
		{F7F3DD9B-F26F-40CA-880D-118001033304}.Debug|Any CPU.ActiveCfg = Debug|Any CPU
		{F7F3DD9B-F26F-40CA-880D-118001033304}.Debug|Any CPU.Build.0 = Debug|Any CPU
		{F7F3DD9B-F26F-40CA-880D-118001033304}.Release|Any CPU.ActiveCfg = Release|Any CPU
		{F7F3DD9B-F26F-40CA-880D-118001033304}.Release|Any CPU.Build.0 = Release|Any CPU
		{F7B24978-4C9B-46F3-B85C-EA4A4EF932AA}.Debug|Any CPU.ActiveCfg = Debug|Any CPU
		{F7B24978-4C9B-46F3-B85C-EA4A4EF932AA}.Debug|Any CPU.Build.0 = Debug|Any CPU
		{F7B24978-4C9B-46F3-B85C-EA4A4EF932AA}.Release|Any CPU.ActiveCfg = Release|Any CPU
		{F7B24978-4C9B-46F3-B85C-EA4A4EF932AA}.Release|Any CPU.Build.0 = Release|Any CPU
		{44063B96-72B8-4DA1-906A-1C510D08FE0C}.Debug|Any CPU.ActiveCfg = Debug|Any CPU
		{44063B96-72B8-4DA1-906A-1C510D08FE0C}.Debug|Any CPU.Build.0 = Debug|Any CPU
		{44063B96-72B8-4DA1-906A-1C510D08FE0C}.Release|Any CPU.ActiveCfg = Release|Any CPU
		{44063B96-72B8-4DA1-906A-1C510D08FE0C}.Release|Any CPU.Build.0 = Release|Any CPU
		{16A344C5-F28A-4F4E-898B-5A8DD9E07240}.Debug|Any CPU.ActiveCfg = Debug|Any CPU
		{16A344C5-F28A-4F4E-898B-5A8DD9E07240}.Debug|Any CPU.Build.0 = Debug|Any CPU
		{16A344C5-F28A-4F4E-898B-5A8DD9E07240}.Release|Any CPU.ActiveCfg = Release|Any CPU
		{16A344C5-F28A-4F4E-898B-5A8DD9E07240}.Release|Any CPU.Build.0 = Release|Any CPU
		{57D7C905-EF13-40B3-A0D5-1BA59EA78AF7}.Debug|Any CPU.ActiveCfg = Debug|Any CPU
		{57D7C905-EF13-40B3-A0D5-1BA59EA78AF7}.Debug|Any CPU.Build.0 = Debug|Any CPU
		{57D7C905-EF13-40B3-A0D5-1BA59EA78AF7}.Release|Any CPU.ActiveCfg = Release|Any CPU
		{57D7C905-EF13-40B3-A0D5-1BA59EA78AF7}.Release|Any CPU.Build.0 = Release|Any CPU
		{7F193BAF-BE28-4EDB-B5CB-7F3DC1C3174C}.Debug|Any CPU.ActiveCfg = Debug|Any CPU
		{7F193BAF-BE28-4EDB-B5CB-7F3DC1C3174C}.Debug|Any CPU.Build.0 = Debug|Any CPU
		{7F193BAF-BE28-4EDB-B5CB-7F3DC1C3174C}.Release|Any CPU.ActiveCfg = Release|Any CPU
		{7F193BAF-BE28-4EDB-B5CB-7F3DC1C3174C}.Release|Any CPU.Build.0 = Release|Any CPU
		{F0F24E3E-308B-4FCF-9BEE-4305A1494082}.Debug|Any CPU.ActiveCfg = Debug|Any CPU
		{F0F24E3E-308B-4FCF-9BEE-4305A1494082}.Debug|Any CPU.Build.0 = Debug|Any CPU
		{F0F24E3E-308B-4FCF-9BEE-4305A1494082}.Release|Any CPU.ActiveCfg = Release|Any CPU
		{F0F24E3E-308B-4FCF-9BEE-4305A1494082}.Release|Any CPU.Build.0 = Release|Any CPU
		{E7D04213-A52A-4294-A436-51358F29E27D}.Debug|Any CPU.ActiveCfg = Debug|Any CPU
		{E7D04213-A52A-4294-A436-51358F29E27D}.Debug|Any CPU.Build.0 = Debug|Any CPU
		{E7D04213-A52A-4294-A436-51358F29E27D}.Release|Any CPU.ActiveCfg = Release|Any CPU
		{E7D04213-A52A-4294-A436-51358F29E27D}.Release|Any CPU.Build.0 = Release|Any CPU
		{7CF469C2-06CF-48D7-B762-BF7DA74ED192}.Debug|Any CPU.ActiveCfg = Debug|Any CPU
		{7CF469C2-06CF-48D7-B762-BF7DA74ED192}.Debug|Any CPU.Build.0 = Debug|Any CPU
		{7CF469C2-06CF-48D7-B762-BF7DA74ED192}.Release|Any CPU.ActiveCfg = Release|Any CPU
		{7CF469C2-06CF-48D7-B762-BF7DA74ED192}.Release|Any CPU.Build.0 = Release|Any CPU
		{DD4D8B93-E7BD-4BF4-AB4B-66AE648977D7}.Debug|Any CPU.ActiveCfg = Debug|Any CPU
		{DD4D8B93-E7BD-4BF4-AB4B-66AE648977D7}.Debug|Any CPU.Build.0 = Debug|Any CPU
		{DD4D8B93-E7BD-4BF4-AB4B-66AE648977D7}.Release|Any CPU.ActiveCfg = Release|Any CPU
		{DD4D8B93-E7BD-4BF4-AB4B-66AE648977D7}.Release|Any CPU.Build.0 = Release|Any CPU
		{8A3D7293-3EF1-4EC6-B71A-0F16C86A2DA9}.Debug|Any CPU.ActiveCfg = Debug|Any CPU
		{8A3D7293-3EF1-4EC6-B71A-0F16C86A2DA9}.Debug|Any CPU.Build.0 = Debug|Any CPU
		{8A3D7293-3EF1-4EC6-B71A-0F16C86A2DA9}.Release|Any CPU.ActiveCfg = Release|Any CPU
		{8A3D7293-3EF1-4EC6-B71A-0F16C86A2DA9}.Release|Any CPU.Build.0 = Release|Any CPU
		{3724CE0B-646D-4F79-9DCB-FEC3AB413A40}.Debug|Any CPU.ActiveCfg = Debug|Any CPU
		{3724CE0B-646D-4F79-9DCB-FEC3AB413A40}.Debug|Any CPU.Build.0 = Debug|Any CPU
		{3724CE0B-646D-4F79-9DCB-FEC3AB413A40}.Release|Any CPU.ActiveCfg = Release|Any CPU
		{3724CE0B-646D-4F79-9DCB-FEC3AB413A40}.Release|Any CPU.Build.0 = Release|Any CPU
		{6AE5ABAE-17B3-4DB9-9A0E-B148B95E115A}.Debug|Any CPU.ActiveCfg = Debug|Any CPU
		{6AE5ABAE-17B3-4DB9-9A0E-B148B95E115A}.Debug|Any CPU.Build.0 = Debug|Any CPU
		{6AE5ABAE-17B3-4DB9-9A0E-B148B95E115A}.Release|Any CPU.ActiveCfg = Release|Any CPU
		{6AE5ABAE-17B3-4DB9-9A0E-B148B95E115A}.Release|Any CPU.Build.0 = Release|Any CPU
		{E842CAD5-D437-4EFB-B903-6F735DDD7E14}.Debug|Any CPU.ActiveCfg = Debug|Any CPU
		{E842CAD5-D437-4EFB-B903-6F735DDD7E14}.Debug|Any CPU.Build.0 = Debug|Any CPU
		{E842CAD5-D437-4EFB-B903-6F735DDD7E14}.Release|Any CPU.ActiveCfg = Release|Any CPU
		{E842CAD5-D437-4EFB-B903-6F735DDD7E14}.Release|Any CPU.Build.0 = Release|Any CPU
		{C8E307F0-AC42-4822-A8EA-BA9A01A1F712}.Debug|Any CPU.ActiveCfg = Debug|Any CPU
		{C8E307F0-AC42-4822-A8EA-BA9A01A1F712}.Debug|Any CPU.Build.0 = Debug|Any CPU
		{C8E307F0-AC42-4822-A8EA-BA9A01A1F712}.Release|Any CPU.ActiveCfg = Release|Any CPU
		{C8E307F0-AC42-4822-A8EA-BA9A01A1F712}.Release|Any CPU.Build.0 = Release|Any CPU
		{2B81AC0D-0EE4-4E5A-BA42-261EFB04DE8D}.Debug|Any CPU.ActiveCfg = Debug|Any CPU
		{2B81AC0D-0EE4-4E5A-BA42-261EFB04DE8D}.Debug|Any CPU.Build.0 = Debug|Any CPU
		{2B81AC0D-0EE4-4E5A-BA42-261EFB04DE8D}.Release|Any CPU.ActiveCfg = Release|Any CPU
		{2B81AC0D-0EE4-4E5A-BA42-261EFB04DE8D}.Release|Any CPU.Build.0 = Release|Any CPU
		{F159F116-1FF4-41F4-802B-886DE1A7F809}.Debug|Any CPU.ActiveCfg = Debug|Any CPU
		{F159F116-1FF4-41F4-802B-886DE1A7F809}.Debug|Any CPU.Build.0 = Debug|Any CPU
		{F159F116-1FF4-41F4-802B-886DE1A7F809}.Release|Any CPU.ActiveCfg = Release|Any CPU
		{F159F116-1FF4-41F4-802B-886DE1A7F809}.Release|Any CPU.Build.0 = Release|Any CPU
		{09D27295-7476-46A5-9C62-84BB08F819A7}.Debug|Any CPU.ActiveCfg = Debug|Any CPU
		{09D27295-7476-46A5-9C62-84BB08F819A7}.Debug|Any CPU.Build.0 = Debug|Any CPU
		{09D27295-7476-46A5-9C62-84BB08F819A7}.Release|Any CPU.ActiveCfg = Release|Any CPU
		{09D27295-7476-46A5-9C62-84BB08F819A7}.Release|Any CPU.Build.0 = Release|Any CPU
		{895BBDBC-F650-40B7-8129-E76E2EA0EBDB}.Debug|Any CPU.ActiveCfg = Debug|Any CPU
		{895BBDBC-F650-40B7-8129-E76E2EA0EBDB}.Debug|Any CPU.Build.0 = Debug|Any CPU
		{895BBDBC-F650-40B7-8129-E76E2EA0EBDB}.Release|Any CPU.ActiveCfg = Release|Any CPU
		{895BBDBC-F650-40B7-8129-E76E2EA0EBDB}.Release|Any CPU.Build.0 = Release|Any CPU
		{87928F2E-D1DA-44A5-BB3F-86A33863EFCD}.Debug|Any CPU.ActiveCfg = Debug|Any CPU
		{87928F2E-D1DA-44A5-BB3F-86A33863EFCD}.Debug|Any CPU.Build.0 = Debug|Any CPU
		{87928F2E-D1DA-44A5-BB3F-86A33863EFCD}.Release|Any CPU.ActiveCfg = Release|Any CPU
		{87928F2E-D1DA-44A5-BB3F-86A33863EFCD}.Release|Any CPU.Build.0 = Release|Any CPU
		{9437DB78-6BF1-4DB1-B6F1-D43313C24BA7}.Debug|Any CPU.ActiveCfg = Debug|Any CPU
		{9437DB78-6BF1-4DB1-B6F1-D43313C24BA7}.Debug|Any CPU.Build.0 = Debug|Any CPU
		{9437DB78-6BF1-4DB1-B6F1-D43313C24BA7}.Release|Any CPU.ActiveCfg = Release|Any CPU
		{9437DB78-6BF1-4DB1-B6F1-D43313C24BA7}.Release|Any CPU.Build.0 = Release|Any CPU
		{C25DDDC7-2423-4688-B5D1-46020639669C}.Debug|Any CPU.ActiveCfg = Debug|Any CPU
		{C25DDDC7-2423-4688-B5D1-46020639669C}.Debug|Any CPU.Build.0 = Debug|Any CPU
		{C25DDDC7-2423-4688-B5D1-46020639669C}.Release|Any CPU.ActiveCfg = Release|Any CPU
		{C25DDDC7-2423-4688-B5D1-46020639669C}.Release|Any CPU.Build.0 = Release|Any CPU
		{78C99F51-DF12-4B62-B027-1DC32DB5A214}.Debug|Any CPU.ActiveCfg = Debug|Any CPU
		{78C99F51-DF12-4B62-B027-1DC32DB5A214}.Debug|Any CPU.Build.0 = Debug|Any CPU
		{78C99F51-DF12-4B62-B027-1DC32DB5A214}.Release|Any CPU.ActiveCfg = Release|Any CPU
		{78C99F51-DF12-4B62-B027-1DC32DB5A214}.Release|Any CPU.Build.0 = Release|Any CPU
		{6B99E45C-597A-45E6-9717-4EB0BD1B54B3}.Debug|Any CPU.ActiveCfg = Debug|Any CPU
		{6B99E45C-597A-45E6-9717-4EB0BD1B54B3}.Debug|Any CPU.Build.0 = Debug|Any CPU
		{6B99E45C-597A-45E6-9717-4EB0BD1B54B3}.Release|Any CPU.ActiveCfg = Release|Any CPU
		{6B99E45C-597A-45E6-9717-4EB0BD1B54B3}.Release|Any CPU.Build.0 = Release|Any CPU
		{D8F3E29F-05EC-4219-9487-3E14A6D20FF2}.Debug|Any CPU.ActiveCfg = Debug|Any CPU
		{D8F3E29F-05EC-4219-9487-3E14A6D20FF2}.Debug|Any CPU.Build.0 = Debug|Any CPU
		{D8F3E29F-05EC-4219-9487-3E14A6D20FF2}.Release|Any CPU.ActiveCfg = Release|Any CPU
		{D8F3E29F-05EC-4219-9487-3E14A6D20FF2}.Release|Any CPU.Build.0 = Release|Any CPU
		{06822562-41D8-475D-9A07-0B6FC383CFD2}.Debug|Any CPU.ActiveCfg = Debug|Any CPU
		{06822562-41D8-475D-9A07-0B6FC383CFD2}.Debug|Any CPU.Build.0 = Debug|Any CPU
		{06822562-41D8-475D-9A07-0B6FC383CFD2}.Release|Any CPU.ActiveCfg = Release|Any CPU
		{06822562-41D8-475D-9A07-0B6FC383CFD2}.Release|Any CPU.Build.0 = Release|Any CPU
		{893465B9-D552-4918-9FA8-DACFD70F8609}.Debug|Any CPU.ActiveCfg = Debug|Any CPU
		{893465B9-D552-4918-9FA8-DACFD70F8609}.Debug|Any CPU.Build.0 = Debug|Any CPU
		{893465B9-D552-4918-9FA8-DACFD70F8609}.Release|Any CPU.ActiveCfg = Release|Any CPU
		{893465B9-D552-4918-9FA8-DACFD70F8609}.Release|Any CPU.Build.0 = Release|Any CPU
		{9F6BD402-6310-4126-9930-489DA5AC16E4}.Debug|Any CPU.ActiveCfg = Debug|Any CPU
		{9F6BD402-6310-4126-9930-489DA5AC16E4}.Debug|Any CPU.Build.0 = Debug|Any CPU
		{9F6BD402-6310-4126-9930-489DA5AC16E4}.Release|Any CPU.ActiveCfg = Release|Any CPU
		{9F6BD402-6310-4126-9930-489DA5AC16E4}.Release|Any CPU.Build.0 = Release|Any CPU
		{8B0D707D-FEFB-4175-9110-AA03EB1758BE}.Debug|Any CPU.ActiveCfg = Debug|Any CPU
		{8B0D707D-FEFB-4175-9110-AA03EB1758BE}.Debug|Any CPU.Build.0 = Debug|Any CPU
		{8B0D707D-FEFB-4175-9110-AA03EB1758BE}.Release|Any CPU.ActiveCfg = Release|Any CPU
		{8B0D707D-FEFB-4175-9110-AA03EB1758BE}.Release|Any CPU.Build.0 = Release|Any CPU
		{5B974E5F-2553-4758-B6A0-9FD0A2582D53}.Debug|Any CPU.ActiveCfg = Debug|Any CPU
		{5B974E5F-2553-4758-B6A0-9FD0A2582D53}.Debug|Any CPU.Build.0 = Debug|Any CPU
		{5B974E5F-2553-4758-B6A0-9FD0A2582D53}.Release|Any CPU.ActiveCfg = Release|Any CPU
		{5B974E5F-2553-4758-B6A0-9FD0A2582D53}.Release|Any CPU.Build.0 = Release|Any CPU
		{0E5A85F9-C123-40E9-90D0-C2ED14BD9E5F}.Debug|Any CPU.ActiveCfg = Debug|Any CPU
		{0E5A85F9-C123-40E9-90D0-C2ED14BD9E5F}.Debug|Any CPU.Build.0 = Debug|Any CPU
		{0E5A85F9-C123-40E9-90D0-C2ED14BD9E5F}.Release|Any CPU.ActiveCfg = Release|Any CPU
		{0E5A85F9-C123-40E9-90D0-C2ED14BD9E5F}.Release|Any CPU.Build.0 = Release|Any CPU
		{B94CFA01-8C75-4D41-A3C3-369C7D7DB256}.Debug|Any CPU.ActiveCfg = Debug|Any CPU
		{B94CFA01-8C75-4D41-A3C3-369C7D7DB256}.Debug|Any CPU.Build.0 = Debug|Any CPU
		{B94CFA01-8C75-4D41-A3C3-369C7D7DB256}.Release|Any CPU.ActiveCfg = Release|Any CPU
		{B94CFA01-8C75-4D41-A3C3-369C7D7DB256}.Release|Any CPU.Build.0 = Release|Any CPU
		{CEB34440-A3D3-4522-88F4-09EB1848FD08}.Debug|Any CPU.ActiveCfg = Debug|Any CPU
		{CEB34440-A3D3-4522-88F4-09EB1848FD08}.Debug|Any CPU.Build.0 = Debug|Any CPU
		{CEB34440-A3D3-4522-88F4-09EB1848FD08}.Release|Any CPU.ActiveCfg = Release|Any CPU
		{CEB34440-A3D3-4522-88F4-09EB1848FD08}.Release|Any CPU.Build.0 = Release|Any CPU
		{6D1E77F0-B0D4-4A1B-863C-EA05FDF1E2A1}.Debug|Any CPU.ActiveCfg = Debug|Any CPU
		{6D1E77F0-B0D4-4A1B-863C-EA05FDF1E2A1}.Debug|Any CPU.Build.0 = Debug|Any CPU
		{6D1E77F0-B0D4-4A1B-863C-EA05FDF1E2A1}.Release|Any CPU.ActiveCfg = Release|Any CPU
		{6D1E77F0-B0D4-4A1B-863C-EA05FDF1E2A1}.Release|Any CPU.Build.0 = Release|Any CPU
		{8729E4FC-1CE6-431C-A62C-F5609E598D21}.Debug|Any CPU.ActiveCfg = Debug|Any CPU
		{8729E4FC-1CE6-431C-A62C-F5609E598D21}.Debug|Any CPU.Build.0 = Debug|Any CPU
		{8729E4FC-1CE6-431C-A62C-F5609E598D21}.Release|Any CPU.ActiveCfg = Release|Any CPU
		{8729E4FC-1CE6-431C-A62C-F5609E598D21}.Release|Any CPU.Build.0 = Release|Any CPU
		{2B0CCD93-CD96-4EA3-9D19-BA05AA0D8D09}.Debug|Any CPU.ActiveCfg = Debug|Any CPU
		{2B0CCD93-CD96-4EA3-9D19-BA05AA0D8D09}.Debug|Any CPU.Build.0 = Debug|Any CPU
		{2B0CCD93-CD96-4EA3-9D19-BA05AA0D8D09}.Release|Any CPU.ActiveCfg = Release|Any CPU
		{2B0CCD93-CD96-4EA3-9D19-BA05AA0D8D09}.Release|Any CPU.Build.0 = Release|Any CPU
		{2618E382-41C2-48A8-AB9B-C58B72D5B60F}.Debug|Any CPU.ActiveCfg = Debug|Any CPU
		{2618E382-41C2-48A8-AB9B-C58B72D5B60F}.Debug|Any CPU.Build.0 = Debug|Any CPU
		{2618E382-41C2-48A8-AB9B-C58B72D5B60F}.Release|Any CPU.ActiveCfg = Release|Any CPU
		{2618E382-41C2-48A8-AB9B-C58B72D5B60F}.Release|Any CPU.Build.0 = Release|Any CPU
		{16E09567-54A2-435C-83CD-46F0C98D4667}.Debug|Any CPU.ActiveCfg = Debug|Any CPU
		{16E09567-54A2-435C-83CD-46F0C98D4667}.Debug|Any CPU.Build.0 = Debug|Any CPU
		{16E09567-54A2-435C-83CD-46F0C98D4667}.Release|Any CPU.ActiveCfg = Release|Any CPU
		{16E09567-54A2-435C-83CD-46F0C98D4667}.Release|Any CPU.Build.0 = Release|Any CPU
		{6F7CCC1C-0007-40BE-90A2-76029D9E6D1E}.Debug|Any CPU.ActiveCfg = Debug|Any CPU
		{6F7CCC1C-0007-40BE-90A2-76029D9E6D1E}.Debug|Any CPU.Build.0 = Debug|Any CPU
		{6F7CCC1C-0007-40BE-90A2-76029D9E6D1E}.Release|Any CPU.ActiveCfg = Release|Any CPU
		{6F7CCC1C-0007-40BE-90A2-76029D9E6D1E}.Release|Any CPU.Build.0 = Release|Any CPU
		{04E48D99-998D-4E57-B568-898406CAB20E}.Debug|Any CPU.ActiveCfg = Debug|Any CPU
		{04E48D99-998D-4E57-B568-898406CAB20E}.Debug|Any CPU.Build.0 = Debug|Any CPU
		{04E48D99-998D-4E57-B568-898406CAB20E}.Release|Any CPU.ActiveCfg = Release|Any CPU
		{04E48D99-998D-4E57-B568-898406CAB20E}.Release|Any CPU.Build.0 = Release|Any CPU
		{032496D6-5BEC-48E4-AA9E-F1D6551749F0}.Debug|Any CPU.ActiveCfg = Debug|Any CPU
		{032496D6-5BEC-48E4-AA9E-F1D6551749F0}.Debug|Any CPU.Build.0 = Debug|Any CPU
		{032496D6-5BEC-48E4-AA9E-F1D6551749F0}.Release|Any CPU.ActiveCfg = Release|Any CPU
		{032496D6-5BEC-48E4-AA9E-F1D6551749F0}.Release|Any CPU.Build.0 = Release|Any CPU
		{74D6ACCE-60FC-40FE-9C69-3481B05DCC4B}.Debug|Any CPU.ActiveCfg = Debug|Any CPU
		{74D6ACCE-60FC-40FE-9C69-3481B05DCC4B}.Debug|Any CPU.Build.0 = Debug|Any CPU
		{74D6ACCE-60FC-40FE-9C69-3481B05DCC4B}.Release|Any CPU.ActiveCfg = Release|Any CPU
		{74D6ACCE-60FC-40FE-9C69-3481B05DCC4B}.Release|Any CPU.Build.0 = Release|Any CPU
		{A44483F7-A648-4090-A47E-520DA5B27767}.Debug|Any CPU.ActiveCfg = Debug|Any CPU
		{A44483F7-A648-4090-A47E-520DA5B27767}.Debug|Any CPU.Build.0 = Debug|Any CPU
		{A44483F7-A648-4090-A47E-520DA5B27767}.Release|Any CPU.ActiveCfg = Release|Any CPU
		{A44483F7-A648-4090-A47E-520DA5B27767}.Release|Any CPU.Build.0 = Release|Any CPU
		{6FB83FD8-10F4-4407-8DFA-FDB960F9CF84}.Debug|Any CPU.ActiveCfg = Debug|Any CPU
		{6FB83FD8-10F4-4407-8DFA-FDB960F9CF84}.Debug|Any CPU.Build.0 = Debug|Any CPU
		{6FB83FD8-10F4-4407-8DFA-FDB960F9CF84}.Release|Any CPU.ActiveCfg = Release|Any CPU
		{6FB83FD8-10F4-4407-8DFA-FDB960F9CF84}.Release|Any CPU.Build.0 = Release|Any CPU
		{15D31CA0-BAEE-45A8-A0EA-B6F0962344DA}.Debug|Any CPU.ActiveCfg = Debug|Any CPU
		{15D31CA0-BAEE-45A8-A0EA-B6F0962344DA}.Debug|Any CPU.Build.0 = Debug|Any CPU
		{15D31CA0-BAEE-45A8-A0EA-B6F0962344DA}.Release|Any CPU.ActiveCfg = Release|Any CPU
		{15D31CA0-BAEE-45A8-A0EA-B6F0962344DA}.Release|Any CPU.Build.0 = Release|Any CPU
		{E52E135B-0214-47CB-AD0D-62716391C602}.Debug|Any CPU.ActiveCfg = Debug|Any CPU
		{E52E135B-0214-47CB-AD0D-62716391C602}.Debug|Any CPU.Build.0 = Debug|Any CPU
		{E52E135B-0214-47CB-AD0D-62716391C602}.Release|Any CPU.ActiveCfg = Release|Any CPU
		{E52E135B-0214-47CB-AD0D-62716391C602}.Release|Any CPU.Build.0 = Release|Any CPU
		{880F2310-B674-428D-9A50-A6AC90EA62AC}.Debug|Any CPU.ActiveCfg = Debug|Any CPU
		{880F2310-B674-428D-9A50-A6AC90EA62AC}.Debug|Any CPU.Build.0 = Debug|Any CPU
		{880F2310-B674-428D-9A50-A6AC90EA62AC}.Release|Any CPU.ActiveCfg = Release|Any CPU
		{880F2310-B674-428D-9A50-A6AC90EA62AC}.Release|Any CPU.Build.0 = Release|Any CPU
		{6BBB7E8B-5441-4BBE-8ECB-3BE23D28EBFE}.Debug|Any CPU.ActiveCfg = Debug|Any CPU
		{6BBB7E8B-5441-4BBE-8ECB-3BE23D28EBFE}.Debug|Any CPU.Build.0 = Debug|Any CPU
		{6BBB7E8B-5441-4BBE-8ECB-3BE23D28EBFE}.Release|Any CPU.ActiveCfg = Release|Any CPU
		{6BBB7E8B-5441-4BBE-8ECB-3BE23D28EBFE}.Release|Any CPU.Build.0 = Release|Any CPU
		{3860A9B0-A439-4791-807F-7531756B16B6}.Debug|Any CPU.ActiveCfg = Debug|Any CPU
		{3860A9B0-A439-4791-807F-7531756B16B6}.Debug|Any CPU.Build.0 = Debug|Any CPU
		{3860A9B0-A439-4791-807F-7531756B16B6}.Release|Any CPU.ActiveCfg = Release|Any CPU
		{3860A9B0-A439-4791-807F-7531756B16B6}.Release|Any CPU.Build.0 = Release|Any CPU
		{284C7790-ABBC-4518-8201-01D6F1D0D22B}.Debug|Any CPU.ActiveCfg = Debug|Any CPU
		{284C7790-ABBC-4518-8201-01D6F1D0D22B}.Debug|Any CPU.Build.0 = Debug|Any CPU
		{284C7790-ABBC-4518-8201-01D6F1D0D22B}.Release|Any CPU.ActiveCfg = Release|Any CPU
		{284C7790-ABBC-4518-8201-01D6F1D0D22B}.Release|Any CPU.Build.0 = Release|Any CPU
		{BCD1495B-3697-4148-97B2-9C7B4154DFED}.Debug|Any CPU.ActiveCfg = Debug|Any CPU
		{BCD1495B-3697-4148-97B2-9C7B4154DFED}.Debug|Any CPU.Build.0 = Debug|Any CPU
		{BCD1495B-3697-4148-97B2-9C7B4154DFED}.Release|Any CPU.ActiveCfg = Release|Any CPU
		{BCD1495B-3697-4148-97B2-9C7B4154DFED}.Release|Any CPU.Build.0 = Release|Any CPU
		{02E22B12-5D23-4373-BD7F-C5BE2B073EE7}.Debug|Any CPU.ActiveCfg = Debug|Any CPU
		{02E22B12-5D23-4373-BD7F-C5BE2B073EE7}.Debug|Any CPU.Build.0 = Debug|Any CPU
		{02E22B12-5D23-4373-BD7F-C5BE2B073EE7}.Release|Any CPU.ActiveCfg = Release|Any CPU
		{02E22B12-5D23-4373-BD7F-C5BE2B073EE7}.Release|Any CPU.Build.0 = Release|Any CPU
		{06A98DFE-ECC6-4E6C-9815-03794D9BAE09}.Debug|Any CPU.ActiveCfg = Debug|Any CPU
		{06A98DFE-ECC6-4E6C-9815-03794D9BAE09}.Debug|Any CPU.Build.0 = Debug|Any CPU
		{06A98DFE-ECC6-4E6C-9815-03794D9BAE09}.Release|Any CPU.ActiveCfg = Release|Any CPU
		{06A98DFE-ECC6-4E6C-9815-03794D9BAE09}.Release|Any CPU.Build.0 = Release|Any CPU
		{FB62EB82-8F58-4FD7-8002-B9B44C5D9693}.Debug|Any CPU.ActiveCfg = Debug|Any CPU
		{FB62EB82-8F58-4FD7-8002-B9B44C5D9693}.Debug|Any CPU.Build.0 = Debug|Any CPU
		{FB62EB82-8F58-4FD7-8002-B9B44C5D9693}.Release|Any CPU.ActiveCfg = Release|Any CPU
		{FB62EB82-8F58-4FD7-8002-B9B44C5D9693}.Release|Any CPU.Build.0 = Release|Any CPU
		{6A9CB922-8DD2-44A9-A40B-AD5AABDD7A67}.Debug|Any CPU.ActiveCfg = Debug|Any CPU
		{6A9CB922-8DD2-44A9-A40B-AD5AABDD7A67}.Debug|Any CPU.Build.0 = Debug|Any CPU
		{6A9CB922-8DD2-44A9-A40B-AD5AABDD7A67}.Release|Any CPU.ActiveCfg = Release|Any CPU
		{6A9CB922-8DD2-44A9-A40B-AD5AABDD7A67}.Release|Any CPU.Build.0 = Release|Any CPU
		{D322F0C9-32F0-4BD9-9C62-AA07614DFCB7}.Debug|Any CPU.ActiveCfg = Debug|Any CPU
		{D322F0C9-32F0-4BD9-9C62-AA07614DFCB7}.Debug|Any CPU.Build.0 = Debug|Any CPU
		{D322F0C9-32F0-4BD9-9C62-AA07614DFCB7}.Release|Any CPU.ActiveCfg = Release|Any CPU
		{D322F0C9-32F0-4BD9-9C62-AA07614DFCB7}.Release|Any CPU.Build.0 = Release|Any CPU
		{55757605-8C19-485C-96CD-5892EBF3C30B}.Debug|Any CPU.ActiveCfg = Debug|Any CPU
		{55757605-8C19-485C-96CD-5892EBF3C30B}.Debug|Any CPU.Build.0 = Debug|Any CPU
		{55757605-8C19-485C-96CD-5892EBF3C30B}.Release|Any CPU.ActiveCfg = Release|Any CPU
		{55757605-8C19-485C-96CD-5892EBF3C30B}.Release|Any CPU.Build.0 = Release|Any CPU
	EndGlobalSection
	GlobalSection(SolutionProperties) = preSolution
		HideSolutionNode = FALSE
	EndGlobalSection
	GlobalSection(NestedProjects) = preSolution
		{FD6A1BD5-ADED-436F-8FB2-3AFED7DEB755} = {19C847C5-4345-45C6-8B15-89977CE679DA}
		{F05D3AD8-CC35-4F45-9D89-2D8BB142EB8F} = {19C847C5-4345-45C6-8B15-89977CE679DA}
		{CF2E85B3-D77F-4CD8-89CD-5C6DAB58CEAC} = {19C847C5-4345-45C6-8B15-89977CE679DA}
		{1BE71538-2BE4-4E83-87EA-0DD855EC870B} = {19C847C5-4345-45C6-8B15-89977CE679DA}
		{FD59108F-7380-4CF0-B2EC-E69A040F88B4} = {19C847C5-4345-45C6-8B15-89977CE679DA}
		{CCFBE99B-FA5C-4DDF-8690-4BBBFCA994F7} = {19C847C5-4345-45C6-8B15-89977CE679DA}
		{415E7C0D-5B5E-4E3D-9FA2-121CCA77ABDD} = {19C847C5-4345-45C6-8B15-89977CE679DA}
		{D629358F-781D-4965-B806-C28157CCB589} = {19C847C5-4345-45C6-8B15-89977CE679DA}
		{E7A60446-88EF-4ED5-86F8-A0AC6244198B} = {19C847C5-4345-45C6-8B15-89977CE679DA}
		{9CABB3C3-8FCC-410D-9C92-EC7E6890C1A6} = {19C847C5-4345-45C6-8B15-89977CE679DA}
		{E0FD7CB3-0D34-45B3-941D-896F24C8CAC0} = {19C847C5-4345-45C6-8B15-89977CE679DA}
		{FCE1E618-C3BA-4F5B-A264-167A7CD57CE4} = {19C847C5-4345-45C6-8B15-89977CE679DA}
		{52BD97DA-0711-4887-B99C-92C189834090} = {19C847C5-4345-45C6-8B15-89977CE679DA}
		{0BFD01D8-00D7-4E7B-83E5-5049EFCFE6AF} = {19C847C5-4345-45C6-8B15-89977CE679DA}
		{3FAB3AF8-A398-4C27-B266-6E3FB1BC18A4} = {19C847C5-4345-45C6-8B15-89977CE679DA}
		{89FD4CD4-50FE-40B0-B25D-37A7B4F2055B} = {19C847C5-4345-45C6-8B15-89977CE679DA}
		{2167AF78-5A2F-49F0-9CA2-5BC09319D9B2} = {19C847C5-4345-45C6-8B15-89977CE679DA}
		{3FF44F26-0350-45A4-A8E7-BD9ACD14D627} = {19C847C5-4345-45C6-8B15-89977CE679DA}
		{AAE6BF8C-F6CA-487D-AA67-D2502C042CA0} = {19C847C5-4345-45C6-8B15-89977CE679DA}
		{52498718-076E-4421-86F8-41A70E5B4B5D} = {19C847C5-4345-45C6-8B15-89977CE679DA}
		{5A27AABF-D778-4914-AFDA-610D626478C9} = {19C847C5-4345-45C6-8B15-89977CE679DA}
		{BD37F2E1-144C-411A-82CE-61CD81BCD932} = {19C847C5-4345-45C6-8B15-89977CE679DA}
		{EFC286B7-D2C3-4ED9-9A95-1CE565BD7442} = {19C847C5-4345-45C6-8B15-89977CE679DA}
		{567007AD-131C-47B6-8FF3-B7593EF026F9} = {19C847C5-4345-45C6-8B15-89977CE679DA}
		{2DCF3354-7BB1-476E-AD1B-963C18F17F5D} = {19C847C5-4345-45C6-8B15-89977CE679DA}
		{F7F3DD9B-F26F-40CA-880D-118001033304} = {19C847C5-4345-45C6-8B15-89977CE679DA}
		{F7B24978-4C9B-46F3-B85C-EA4A4EF932AA} = {19C847C5-4345-45C6-8B15-89977CE679DA}
		{44063B96-72B8-4DA1-906A-1C510D08FE0C} = {19C847C5-4345-45C6-8B15-89977CE679DA}
		{16A344C5-F28A-4F4E-898B-5A8DD9E07240} = {19C847C5-4345-45C6-8B15-89977CE679DA}
		{57D7C905-EF13-40B3-A0D5-1BA59EA78AF7} = {19C847C5-4345-45C6-8B15-89977CE679DA}
		{7F193BAF-BE28-4EDB-B5CB-7F3DC1C3174C} = {19C847C5-4345-45C6-8B15-89977CE679DA}
		{F0F24E3E-308B-4FCF-9BEE-4305A1494082} = {19C847C5-4345-45C6-8B15-89977CE679DA}
		{E7D04213-A52A-4294-A436-51358F29E27D} = {19C847C5-4345-45C6-8B15-89977CE679DA}
		{7CF469C2-06CF-48D7-B762-BF7DA74ED192} = {19C847C5-4345-45C6-8B15-89977CE679DA}
		{DD4D8B93-E7BD-4BF4-AB4B-66AE648977D7} = {19C847C5-4345-45C6-8B15-89977CE679DA}
		{8A3D7293-3EF1-4EC6-B71A-0F16C86A2DA9} = {19C847C5-4345-45C6-8B15-89977CE679DA}
		{3724CE0B-646D-4F79-9DCB-FEC3AB413A40} = {19C847C5-4345-45C6-8B15-89977CE679DA}
		{6AE5ABAE-17B3-4DB9-9A0E-B148B95E115A} = {19C847C5-4345-45C6-8B15-89977CE679DA}
		{E842CAD5-D437-4EFB-B903-6F735DDD7E14} = {19C847C5-4345-45C6-8B15-89977CE679DA}
		{C8E307F0-AC42-4822-A8EA-BA9A01A1F712} = {19C847C5-4345-45C6-8B15-89977CE679DA}
		{2B81AC0D-0EE4-4E5A-BA42-261EFB04DE8D} = {19C847C5-4345-45C6-8B15-89977CE679DA}
		{F159F116-1FF4-41F4-802B-886DE1A7F809} = {19C847C5-4345-45C6-8B15-89977CE679DA}
		{09D27295-7476-46A5-9C62-84BB08F819A7} = {19C847C5-4345-45C6-8B15-89977CE679DA}
		{895BBDBC-F650-40B7-8129-E76E2EA0EBDB} = {19C847C5-4345-45C6-8B15-89977CE679DA}
		{87928F2E-D1DA-44A5-BB3F-86A33863EFCD} = {19C847C5-4345-45C6-8B15-89977CE679DA}
		{9437DB78-6BF1-4DB1-B6F1-D43313C24BA7} = {19C847C5-4345-45C6-8B15-89977CE679DA}
		{C25DDDC7-2423-4688-B5D1-46020639669C} = {19C847C5-4345-45C6-8B15-89977CE679DA}
		{78C99F51-DF12-4B62-B027-1DC32DB5A214} = {19C847C5-4345-45C6-8B15-89977CE679DA}
		{6B99E45C-597A-45E6-9717-4EB0BD1B54B3} = {19C847C5-4345-45C6-8B15-89977CE679DA}
		{D8F3E29F-05EC-4219-9487-3E14A6D20FF2} = {19C847C5-4345-45C6-8B15-89977CE679DA}
		{06822562-41D8-475D-9A07-0B6FC383CFD2} = {19C847C5-4345-45C6-8B15-89977CE679DA}
		{893465B9-D552-4918-9FA8-DACFD70F8609} = {19C847C5-4345-45C6-8B15-89977CE679DA}
		{9F6BD402-6310-4126-9930-489DA5AC16E4} = {19C847C5-4345-45C6-8B15-89977CE679DA}
		{8B0D707D-FEFB-4175-9110-AA03EB1758BE} = {19C847C5-4345-45C6-8B15-89977CE679DA}
		{5B974E5F-2553-4758-B6A0-9FD0A2582D53} = {19C847C5-4345-45C6-8B15-89977CE679DA}
		{0E5A85F9-C123-40E9-90D0-C2ED14BD9E5F} = {19C847C5-4345-45C6-8B15-89977CE679DA}
		{B94CFA01-8C75-4D41-A3C3-369C7D7DB256} = {19C847C5-4345-45C6-8B15-89977CE679DA}
		{CEB34440-A3D3-4522-88F4-09EB1848FD08} = {19C847C5-4345-45C6-8B15-89977CE679DA}
		{6D1E77F0-B0D4-4A1B-863C-EA05FDF1E2A1} = {19C847C5-4345-45C6-8B15-89977CE679DA}
		{8729E4FC-1CE6-431C-A62C-F5609E598D21} = {19C847C5-4345-45C6-8B15-89977CE679DA}
		{2B0CCD93-CD96-4EA3-9D19-BA05AA0D8D09} = {19C847C5-4345-45C6-8B15-89977CE679DA}
		{2618E382-41C2-48A8-AB9B-C58B72D5B60F} = {19C847C5-4345-45C6-8B15-89977CE679DA}
		{16E09567-54A2-435C-83CD-46F0C98D4667} = {19C847C5-4345-45C6-8B15-89977CE679DA}
		{6F7CCC1C-0007-40BE-90A2-76029D9E6D1E} = {19C847C5-4345-45C6-8B15-89977CE679DA}
		{04E48D99-998D-4E57-B568-898406CAB20E} = {19C847C5-4345-45C6-8B15-89977CE679DA}
		{032496D6-5BEC-48E4-AA9E-F1D6551749F0} = {19C847C5-4345-45C6-8B15-89977CE679DA}
		{74D6ACCE-60FC-40FE-9C69-3481B05DCC4B} = {19C847C5-4345-45C6-8B15-89977CE679DA}
		{A44483F7-A648-4090-A47E-520DA5B27767} = {19C847C5-4345-45C6-8B15-89977CE679DA}
		{6FB83FD8-10F4-4407-8DFA-FDB960F9CF84} = {19C847C5-4345-45C6-8B15-89977CE679DA}
		{E52E135B-0214-47CB-AD0D-62716391C602} = {19C847C5-4345-45C6-8B15-89977CE679DA}
		{880F2310-B674-428D-9A50-A6AC90EA62AC} = {19C847C5-4345-45C6-8B15-89977CE679DA}
		{6BBB7E8B-5441-4BBE-8ECB-3BE23D28EBFE} = {19C847C5-4345-45C6-8B15-89977CE679DA}
		{3860A9B0-A439-4791-807F-7531756B16B6} = {19C847C5-4345-45C6-8B15-89977CE679DA}
		{284C7790-ABBC-4518-8201-01D6F1D0D22B} = {19C847C5-4345-45C6-8B15-89977CE679DA}
		{BCD1495B-3697-4148-97B2-9C7B4154DFED} = {19C847C5-4345-45C6-8B15-89977CE679DA}
		{02E22B12-5D23-4373-BD7F-C5BE2B073EE7} = {19C847C5-4345-45C6-8B15-89977CE679DA}
		{06A98DFE-ECC6-4E6C-9815-03794D9BAE09} = {19C847C5-4345-45C6-8B15-89977CE679DA}
		{FB62EB82-8F58-4FD7-8002-B9B44C5D9693} = {19C847C5-4345-45C6-8B15-89977CE679DA}
		{6A9CB922-8DD2-44A9-A40B-AD5AABDD7A67} = {19C847C5-4345-45C6-8B15-89977CE679DA}
		{D322F0C9-32F0-4BD9-9C62-AA07614DFCB7} = {19C847C5-4345-45C6-8B15-89977CE679DA}
	EndGlobalSection
EndGlobal
