
Microsoft Visual Studio Solution File, Format Version 10.00
# Visual Studio 2008
Project("{FAE04EC0-301F-11D3-BF4B-00C04F79EFBC}") = "P1618401", "P1618401\P1618401.csproj", "{80662718-EF83-41F8-9ABC-BB2A99CD2EB6}"
EndProject
Global
	GlobalSection(SolutionConfigurationPlatforms) = preSolution
		Debug|Any CPU = Debug|Any CPU
		Release|Any CPU = Release|Any CPU
	EndGlobalSection
	GlobalSection(ProjectConfigurationPlatforms) = postSolution
		{80662718-EF83-41F8-9ABC-BB2A99CD2EB6}.Debug|Any CPU.ActiveCfg = Debug|Any CPU
		{80662718-EF83-41F8-9ABC-BB2A99CD2EB6}.Debug|Any CPU.Build.0 = Debug|Any CPU
		{80662718-EF83-41F8-9ABC-BB2A99CD2EB6}.Release|Any CPU.ActiveCfg = Release|Any CPU
		{80662718-EF83-41F8-9ABC-BB2A99CD2EB6}.Release|Any CPU.Build.0 = Release|Any CPU
	EndGlobalSection
	GlobalSection(SolutionProperties) = preSolution
		HideSolutionNode = FALSE
	EndGlobalSection
EndGlobal
